{
  "nodes": {
    "emacs-sops": {
      "flake": false,
      "locked": {
        "lastModified": 1789939306,
        "narHash": "sha256-YPhnDkXfkTEuzQ6wTXX+pxFNLtXL1j+M5m/SMclCM54=",
        "owner": "djgoku",
        "repo": "sops",
        "rev": "07fd550969fe164f71aab89c93338f8993fbd9e6",
        "type": "github"
      },
      "original": {
        "owner": "djgoku",
        "repo": "sops",
        "type": "github"
      }
    },
    "flake-utils": {
      "inputs": {
        "systems": "systems"
      },
      "locked": {
        "lastModified": 1731533236,
        "narHash": "sha256-l0KFg5HjrsfsO/JpG+r7fRrqm12kzFHyUHqHCVpMMbI=",
        "owner": "numtide",
        "repo": "flake-utils",
        "rev": "11707dc2f618dd54ca8739b309ec4fc024de578b",
        "type": "github"
      },
      "original": {
        "owner": "numtide",
        "repo": "flake-utils",
        "type": "github"
      }
    },
    "home-manager": {
      "inputs": {
        "nixpkgs": [
          "nixpkgs"
        ]
      },
      "locked": {
        "lastModified": 1790128814,
        "narHash": "sha256-6Gm9q+wW3E4Ey4F6wEbJAwaMsEK6hvCYfTW7yY64ZfA=",
        "owner": "nix-community",
        "repo": "home-manager",
        "rev": "0b2f1129177f70c5f0f5d88bb53c49ca47d0bfc0",
        "type": "github"
      },
      "original": {
        "owner": "nix-community",
        "repo": "home-manager",
        "type": "github"
      }
    },
    "home-manager-darwin-x86": {
      "inputs": {
        "nixpkgs": [
          "nixpkgs-darwin-x86"
        ]
      },
      "locked": {
        "lastModified": 1789267039,
        "narHash": "sha256-LWiBv9yAYFi2LPbUhDGHPGKYskJQjj2fw12OlyO1uQo=",
        "owner": "nix-community",
        "repo": "home-manager",
        "rev": "ec172013fa62135f58fb58dd17ae9651e8f39727",
        "type": "github"
      },
      "original": {
        "owner": "nix-community",
        "ref": "release-26.05",
        "repo": "home-manager",
        "type": "github"
      }
    },
    "nixpkgs": {
      "locked": {
        "lastModified": 1789960332,
        "narHash": "sha256-MQ5my6vvo0z2iVQcKqrysutFWvsNw3/ynNxzjJon4yc=",
        "owner": "NixOS",
        "repo": "nixpkgs",
        "rev": "35e212742ceab4ae1dcfbfd9039a39215c816e8e",
        "type": "github"
      },
      "original": {
        "owner": "NixOS",
        "ref": "nixpkgs-unstable",
        "repo": "nixpkgs",
        "type": "github"
      }
    },
    "nixpkgs-darwin-x86": {
      "locked": {
        "lastModified": 1790071232,
        "narHash": "sha256-S27lKsLB2rrtg/OfNIRsFTJJWXv1FLAhapm/P8HM2V8=",
        "owner": "NixOS",
        "repo": "nixpkgs",
        "rev": "e9b6aa075c9364c5d152b7657c41349998391daf",
        "type": "github"
      },
      "original": {
        "owner": "NixOS",
        "ref": "nixpkgs-26.05-darwin",
        "repo": "nixpkgs",
        "type": "github"
      }
    },
    "notion-cli": {
      "flake": false,
      "locked": {
        "lastModified": 1776510576,
        "narHash": "sha256-DntNybAcWailxLn+/1iyvy+jWv5xtY7Xe2XHyKjPyCs=",
        "owner": "lox",
        "repo": "notion-cli",
        "rev": "f6a444bc0691a00c1de1ff4f4a92abb397b3678b",
        "type": "github"
      },
      "original": {
        "owner": "lox",
        "ref": "v0.6.0",
        "repo": "notion-cli",
        "type": "github"
      }
    },
    "root": {
      "inputs": {
        "emacs-sops": "emacs-sops",
        "flake-utils": "flake-utils",
        "home-manager": "home-manager",
        "home-manager-darwin-x86": "home-manager-darwin-x86",
        "nixpkgs": "nixpkgs",
        "nixpkgs-darwin-x86": "nixpkgs-darwin-x86",
        "notion-cli": "notion-cli",
        "rust-overlay": "rust-overlay",
        "trueflow": "trueflow",
        "trueflow-darwin-x86": "trueflow-darwin-x86",
        "voxtype": "voxtype"
      }
    },
    "rust-overlay": {
      "inputs": {
        "nixpkgs": [
          "nixpkgs"
        ]
      },
      "locked": {
        "lastModified": 1790062494,
        "narHash": "sha256-Mds1vuoczq1fRm1rf+Iar8IKDBHNjOMo2JqqPWJUlng=",
        "owner": "oxalica",
        "repo": "rust-overlay",
        "rev": "b88764907c1b2de6c0e206d8d9d9634d91c81334",
        "type": "github"
      },
      "original": {
        "owner": "oxalica",
        "repo": "rust-overlay",
        "type": "github"
      }
    },
    "systems": {
      "locked": {
        "lastModified": 1681028828,
        "narHash": "sha256-Vy1rq5AaRuLzOxct8nz4T6wlgyUR7zLU309k9mBC768=",
        "owner": "nix-systems",
        "repo": "default",
        "rev": "da67096a3b9bf56a91d16901293e51ba5b49a27e",
        "type": "github"
      },
      "original": {
        "owner": "nix-systems",
        "repo": "default",
        "type": "github"
      }
    },
    "trueflow": {
      "inputs": {
        "flake-utils": [
          "flake-utils"
        ],
        "nixpkgs": [
          "nixpkgs"
        ],
        "rust-overlay": [
          "rust-overlay"
        ]
      },
      "locked": {
        "lastModified": 1785006152,
        "narHash": "sha256-UiQXMiKqtddXnCrC2y53wXhyMsg0FBdlQxPwRQHGVjg=",
        "owner": "trueflow-dev",
        "repo": "trueflow",
        "rev": "a4026de978bae55ef75b4e0159b2299f3504331f",
        "type": "github"
      },
      "original": {
        "owner": "trueflow-dev",
        "repo": "trueflow",
        "type": "github"
      }
    },
    "trueflow-darwin-x86": {
      "inputs": {
        "flake-utils": [
          "flake-utils"
        ],
        "nixpkgs": [
          "nixpkgs-darwin-x86"
        ],
        "rust-overlay": [
          "rust-overlay"
        ]
      },
      "locked": {
        "lastModified": 1785006152,
        "narHash": "sha256-UiQXMiKqtddXnCrC2y53wXhyMsg0FBdlQxPwRQHGVjg=",
        "owner": "trueflow-dev",
        "repo": "trueflow",
        "rev": "a4026de978bae55ef75b4e0159b2299f3504331f",
        "type": "github"
      },
      "original": {
        "owner": "trueflow-dev",
        "repo": "trueflow",
        "rev": "a4026de978bae55ef75b4e0159b2299f3504331f",
        "type": "github"
      }
    },
    "voxtype": {
      "inputs": {
        "flake-utils": [
          "flake-utils"
        ],
        "nixpkgs": [
          "nixpkgs"
        ]
      },
      "locked": {
        "lastModified": 1788215696,
        "narHash": "sha256-OT0tVSi9x3U7NwgZU00mojXk3RRWxuFoezpdSknLmmU=",
        "owner": "peteonrails",
        "repo": "voxtype",
        "rev": "dda37ca72b71294d08b0c5bb49c5b24ca590d847",
        "type": "github"
      },
      "original": {
        "owner": "peteonrails",
        "ref": "v1.0.1",
        "repo": "voxtype",
        "type": "github"
      }
    }
  },
  "root": "root",
  "version": 7
}
