{
  "nodes": {
    "codex": {
      "inputs": {
        "nixpkgs": [
          "nixpkgs"
        ],
        "rust-overlay": "rust-overlay"
      },
      "locked": {
        "lastModified": 1784379905,
        "narHash": "sha256-S25nhnF4lEJQdiyKDV38ORbjm+BNsswLoE5ivF0SE2U=",
        "ref": "refs/tags/rust-v0.144.6",
        "rev": "5d1fbf26c43abc65a203928b2e31561cb039e06d",
        "revCount": 8060,
        "type": "git",
        "url": "https://github.com/openai/codex"
      },
      "original": {
        "ref": "refs/tags/rust-v0.144.6",
        "type": "git",
        "url": "https://github.com/openai/codex"
      }
    },
    "emacs-sops": {
      "flake": false,
      "locked": {
        "lastModified": 1779076259,
        "narHash": "sha256-Q7WEfZfEpyVh7jk6Xkd10Nbt4BLJx13TjeWPTx8+jQc=",
        "owner": "djgoku",
        "repo": "sops",
        "rev": "95b2178a71dcbf3e69729c52cba2bc23171e059d",
        "type": "github"
      },
      "original": {
        "owner": "djgoku",
        "repo": "sops",
        "type": "github"
      }
    },
    "flake-utils": {
      "inputs": {
        "systems": "systems"
      },
      "locked": {
        "lastModified": 1731533236,
        "narHash": "sha256-l0KFg5HjrsfsO/JpG+r7fRrqm12kzFHyUHqHCVpMMbI=",
        "owner": "numtide",
        "repo": "flake-utils",
        "rev": "11707dc2f618dd54ca8739b309ec4fc024de578b",
        "type": "github"
      },
      "original": {
        "owner": "numtide",
        "repo": "flake-utils",
        "type": "github"
      }
    },
    "googleworkspace-cli": {
      "inputs": {
        "flake-utils": [
          "flake-utils"
        ],
        "nixpkgs": [
          "nixpkgs"
        ]
      },
      "locked": {
        "lastModified": 1774981938,
        "narHash": "sha256-Bj4gPklufU6p2JpvN6j7QViv7ghSn52jemeXPVXkhlk=",
        "owner": "googleworkspace",
        "repo": "cli",
        "rev": "705fb0ecac6f4249679958f6325b809b63fdde17",
        "type": "github"
      },
      "original": {
        "owner": "googleworkspace",
        "ref": "v0.22.5",
        "repo": "cli",
        "type": "github"
      }
    },
    "home-manager": {
      "inputs": {
        "nixpkgs": [
          "nixpkgs"
        ]
      },
      "locked": {
        "lastModified": 1784407317,
        "narHash": "sha256-iZrxHToDJWnvt+5LGAtvuQMTy1NZYlNEKbKaVtBJNcc=",
        "owner": "nix-community",
        "repo": "home-manager",
        "rev": "39411a8e12a5526d992e65bc7e3dc9a4414d6713",
        "type": "github"
      },
      "original": {
        "owner": "nix-community",
        "repo": "home-manager",
        "type": "github"
      }
    },
    "home-manager-darwin-x86": {
      "inputs": {
        "nixpkgs": [
          "nixpkgs-darwin-x86"
        ]
      },
      "locked": {
        "lastModified": 1784350909,
        "narHash": "sha256-ZWyzLbS1yKUTeFJLmdVuWNnHttL333/ldJbEE+KzCrM=",
        "owner": "nix-community",
        "repo": "home-manager",
        "rev": "4ce190229c73d44536caa7072f6308fb2d8feeb3",
        "type": "github"
      },
      "original": {
        "owner": "nix-community",
        "ref": "release-26.05",
        "repo": "home-manager",
        "type": "github"
      }
    },
    "nixpkgs": {
      "locked": {
        "lastModified": 1784555310,
        "narHash": "sha256-/FCliTPgiuV1owejZFNx3Ch9irdvkOfOFl+HHZ+DrtM=",
        "owner": "NixOS",
        "repo": "nixpkgs",
        "rev": "421eebfd0ec7bccd4abe826ce62d7e6e83129493",
        "type": "github"
      },
      "original": {
        "owner": "NixOS",
        "ref": "nixpkgs-unstable",
        "repo": "nixpkgs",
        "type": "github"
      }
    },
    "nixpkgs-darwin-x86": {
      "locked": {
        "lastModified": 1784255083,
        "narHash": "sha256-0Jz8G3+3g6i/l4aISUri0EidLnREelCff0m6+pE6aZg=",
        "owner": "NixOS",
        "repo": "nixpkgs",
        "rev": "fc51889f81924f15fba77a3c0b79cfb3f78fe0d4",
        "type": "github"
      },
      "original": {
        "owner": "NixOS",
        "ref": "nixpkgs-26.05-darwin",
        "repo": "nixpkgs",
        "type": "github"
      }
    },
    "notion-cli": {
      "flake": false,
      "locked": {
        "lastModified": 1776510576,
        "narHash": "sha256-DntNybAcWailxLn+/1iyvy+jWv5xtY7Xe2XHyKjPyCs=",
        "owner": "lox",
        "repo": "notion-cli",
        "rev": "f6a444bc0691a00c1de1ff4f4a92abb397b3678b",
        "type": "github"
      },
      "original": {
        "owner": "lox",
        "ref": "v0.6.0",
        "repo": "notion-cli",
        "type": "github"
      }
    },
    "root": {
      "inputs": {
        "codex": "codex",
        "emacs-sops": "emacs-sops",
        "flake-utils": "flake-utils",
        "googleworkspace-cli": "googleworkspace-cli",
        "home-manager": "home-manager",
        "home-manager-darwin-x86": "home-manager-darwin-x86",
        "nixpkgs": "nixpkgs",
        "nixpkgs-darwin-x86": "nixpkgs-darwin-x86",
        "notion-cli": "notion-cli",
        "trueflow": "trueflow",
        "trueflow-darwin-x86": "trueflow-darwin-x86",
        "voxtype": "voxtype"
      }
    },
    "rust-overlay": {
      "inputs": {
        "nixpkgs": [
          "codex",
          "nixpkgs"
        ]
      },
      "locked": {
        "lastModified": 1769828398,
        "narHash": "sha256-zmnvRUm15QrlKH0V1BZoiT3U+Q+tr+P5Osi8qgtL9fY=",
        "owner": "oxalica",
        "repo": "rust-overlay",
        "rev": "a1d32c90c8a4ea43e9586b7e5894c179d5747425",
        "type": "github"
      },
      "original": {
        "owner": "oxalica",
        "repo": "rust-overlay",
        "type": "github"
      }
    },
    "rust-overlay_2": {
      "inputs": {
        "nixpkgs": [
          "trueflow",
          "nixpkgs"
        ]
      },
      "locked": {
        "lastModified": 1769136478,
        "narHash": "sha256-8UNd5lmGf8phCr/aKxagJ4kNsF0pCHLish2G4ZKCFFY=",
        "owner": "oxalica",
        "repo": "rust-overlay",
        "rev": "470ee44393bb19887056b557ea2c03fc5230bd5a",
        "type": "github"
      },
      "original": {
        "owner": "oxalica",
        "repo": "rust-overlay",
        "type": "github"
      }
    },
    "systems": {
      "locked": {
        "lastModified": 1681028828,
        "narHash": "sha256-Vy1rq5AaRuLzOxct8nz4T6wlgyUR7zLU309k9mBC768=",
        "owner": "nix-systems",
        "repo": "default",
        "rev": "da67096a3b9bf56a91d16901293e51ba5b49a27e",
        "type": "github"
      },
      "original": {
        "owner": "nix-systems",
        "repo": "default",
        "type": "github"
      }
    },
    "trueflow": {
      "inputs": {
        "flake-utils": [
          "flake-utils"
        ],
        "nixpkgs": [
          "nixpkgs"
        ],
        "rust-overlay": "rust-overlay_2"
      },
      "locked": {
        "lastModified": 1784282033,
        "narHash": "sha256-Ge5dqhZa4O0jjz+2jo03GX2JxLP3Xa75gCnfL1UcLPg=",
        "owner": "trueflow-dev",
        "repo": "trueflow",
        "rev": "64fcb90517bea0a3b5d198902bc5b6853628a913",
        "type": "github"
      },
      "original": {
        "owner": "trueflow-dev",
        "repo": "trueflow",
        "type": "github"
      }
    },
    "trueflow-darwin-x86": {
      "inputs": {
        "flake-utils": [
          "flake-utils"
        ],
        "nixpkgs": [
          "nixpkgs-darwin-x86"
        ],
        "rust-overlay": [
          "trueflow",
          "rust-overlay"
        ]
      },
      "locked": {
        "lastModified": 1784282033,
        "narHash": "sha256-Ge5dqhZa4O0jjz+2jo03GX2JxLP3Xa75gCnfL1UcLPg=",
        "owner": "trueflow-dev",
        "repo": "trueflow",
        "rev": "64fcb90517bea0a3b5d198902bc5b6853628a913",
        "type": "github"
      },
      "original": {
        "owner": "trueflow-dev",
        "repo": "trueflow",
        "rev": "64fcb90517bea0a3b5d198902bc5b6853628a913",
        "type": "github"
      }
    },
    "voxtype": {
      "inputs": {
        "flake-utils": [
          "flake-utils"
        ],
        "nixpkgs": [
          "nixpkgs"
        ]
      },
      "locked": {
        "lastModified": 1780607139,
        "narHash": "sha256-6biLnRdAGpjpNQNYZjYn0zXeukt0qePNeXehbnqzbTM=",
        "owner": "peteonrails",
        "repo": "voxtype",
        "rev": "0a1a185491fea77b6b7c654b1c0136d5a1a6d428",
        "type": "github"
      },
      "original": {
        "owner": "peteonrails",
        "ref": "v1.0.0-rc1",
        "repo": "voxtype",
        "type": "github"
      }
    }
  },
  "root": "root",
  "version": 7
}
